// !$*UTF8*$!
{
	archiveVersion = 1;
	classes = {
	};
	objectVersion = 51;
	objects = {

/* Begin PBXBuildFile section */
		5B67B806DDECB6997257B62F /* Pods_Spacescape.framework in Frameworks */ = {isa = PBXBuildFile; fileRef = 1ECF17F7E2C3488A2F6A892F /* Pods_Spacescape.framework */; };
		F7D64CC7265906770043BED2 /* AppDelegate.swift in Sources */ = {isa = PBXBuildFile; fileRef = F7D64CC6265906770043BED2 /* AppDelegate.swift */; };
		F7D64CC9265906770043BED2 /* SceneDelegate.swift in Sources */ = {isa = PBXBuildFile; fileRef = F7D64CC8265906770043BED2 /* SceneDelegate.swift */; };
		F7D64CD02659067A0043BED2 /* Assets.xcassets in Resources */ = {isa = PBXBuildFile; fileRef = F7D64CCF2659067A0043BED2 /* Assets.xcassets */; };
		F7D64CD32659067A0043BED2 /* LaunchScreen.storyboard in Resources */ = {isa = PBXBuildFile; fileRef = F7D64CD12659067A0043BED2 /* LaunchScreen.storyboard */; };
		F7D64CE426590A0E0043BED2 /* NASAClient.swift in Sources */ = {isa = PBXBuildFile; fileRef = F7D64CE326590A0E0043BED2 /* NASAClient.swift */; };
		F7D64CE826590A2A0043BED2 /* NASAClientError.swift in Sources */ = {isa = PBXBuildFile; fileRef = F7D64CE726590A2A0043BED2 /* NASAClientError.swift */; };
		F7D64CEB26590A580043BED2 /* SearchResult.swift in Sources */ = {isa = PBXBuildFile; fileRef = F7D64CEA26590A580043BED2 /* SearchResult.swift */; };
		F7D64CFB26590CC70043BED2 /* SearchResultImage.swift in Sources */ = {isa = PBXBuildFile; fileRef = F7D64CFA26590CC70043BED2 /* SearchResultImage.swift */; };
		F7D64CFE26590CE70043BED2 /* Constants.swift in Sources */ = {isa = PBXBuildFile; fileRef = F7D64CFD26590CE70043BED2 /* Constants.swift */; };
		F7ED2BF82659B72800590B72 /* SearchResultsTableViewController.swift in Sources */ = {isa = PBXBuildFile; fileRef = F7ED2BF72659B72800590B72 /* SearchResultsTableViewController.swift */; };
		F7ED2BFB2659B85E00590B72 /* SearchResultTableViewCell.swift in Sources */ = {isa = PBXBuildFile; fileRef = F7ED2BFA2659B85E00590B72 /* SearchResultTableViewCell.swift */; };
		F7ED2C0F2659CDE300590B72 /* Date+Ext.swift in Sources */ = {isa = PBXBuildFile; fileRef = F7ED2C0E2659CDE300590B72 /* Date+Ext.swift */; };
		F7ED2C162659FD0100590B72 /* InfoViewController.swift in Sources */ = {isa = PBXBuildFile; fileRef = F7ED2C152659FD0100590B72 /* InfoViewController.swift */; };
/* End PBXBuildFile section */

/* Begin PBXFileReference section */
		1549AFD85A78914E78445A8C /* Pods-Spacescape.release.xcconfig */ = {isa = PBXFileReference; includeInIndex = 1; lastKnownFileType = text.xcconfig; name = "Pods-Spacescape.release.xcconfig"; path = "Target Support Files/Pods-Spacescape/Pods-Spacescape.release.xcconfig"; sourceTree = "<group>"; };
		1ECF17F7E2C3488A2F6A892F /* Pods_Spacescape.framework */ = {isa = PBXFileReference; explicitFileType = wrapper.framework; includeInIndex = 0; path = Pods_Spacescape.framework; sourceTree = BUILT_PRODUCTS_DIR; };
		B894CC2CCB4EC78DA5A473AE /* Pods-Spacescape.debug.xcconfig */ = {isa = PBXFileReference; includeInIndex = 1; lastKnownFileType = text.xcconfig; name = "Pods-Spacescape.debug.xcconfig"; path = "Target Support Files/Pods-Spacescape/Pods-Spacescape.debug.xcconfig"; sourceTree = "<group>"; };
		F7D64CC3265906770043BED2 /* Spacescape.app */ = {isa = PBXFileReference; explicitFileType = wrapper.application; includeInIndex = 0; path = Spacescape.app; sourceTree = BUILT_PRODUCTS_DIR; };
		F7D64CC6265906770043BED2 /* AppDelegate.swift */ = {isa = PBXFileReference; lastKnownFileType = sourcecode.swift; path = AppDelegate.swift; sourceTree = "<group>"; };
		F7D64CC8265906770043BED2 /* SceneDelegate.swift */ = {isa = PBXFileReference; lastKnownFileType = sourcecode.swift; path = SceneDelegate.swift; sourceTree = "<group>"; };
		F7D64CCF2659067A0043BED2 /* Assets.xcassets */ = {isa = PBXFileReference; lastKnownFileType = folder.assetcatalog; path = Assets.xcassets; sourceTree = "<group>"; };
		F7D64CD22659067A0043BED2 /* Base */ = {isa = PBXFileReference; lastKnownFileType = file.storyboard; name = Base; path = Base.lproj/LaunchScreen.storyboard; sourceTree = "<group>"; };
		F7D64CD42659067A0043BED2 /* Info.plist */ = {isa = PBXFileReference; lastKnownFileType = text.plist.xml; path = Info.plist; sourceTree = "<group>"; };
		F7D64CE326590A0E0043BED2 /* NASAClient.swift */ = {isa = PBXFileReference; lastKnownFileType = sourcecode.swift; path = NASAClient.swift; sourceTree = "<group>"; };
		F7D64CE726590A2A0043BED2 /* NASAClientError.swift */ = {isa = PBXFileReference; lastKnownFileType = sourcecode.swift; path = NASAClientError.swift; sourceTree = "<group>"; };
		F7D64CEA26590A580043BED2 /* SearchResult.swift */ = {isa = PBXFileReference; lastKnownFileType = sourcecode.swift; path = SearchResult.swift; sourceTree = "<group>"; };
		F7D64CFA26590CC70043BED2 /* SearchResultImage.swift */ = {isa = PBXFileReference; lastKnownFileType = sourcecode.swift; path = SearchResultImage.swift; sourceTree = "<group>"; };
		F7D64CFD26590CE70043BED2 /* Constants.swift */ = {isa = PBXFileReference; lastKnownFileType = sourcecode.swift; path = Constants.swift; sourceTree = "<group>"; };
		F7ED2BF72659B72800590B72 /* SearchResultsTableViewController.swift */ = {isa = PBXFileReference; lastKnownFileType = sourcecode.swift; path = SearchResultsTableViewController.swift; sourceTree = "<group>"; };
		F7ED2BFA2659B85E00590B72 /* SearchResultTableViewCell.swift */ = {isa = PBXFileReference; lastKnownFileType = sourcecode.swift; path = SearchResultTableViewCell.swift; sourceTree = "<group>"; };
		F7ED2C0E2659CDE300590B72 /* Date+Ext.swift */ = {isa = PBXFileReference; lastKnownFileType = sourcecode.swift; path = "Date+Ext.swift"; sourceTree = "<group>"; };
		F7ED2C152659FD0100590B72 /* InfoViewController.swift */ = {isa = PBXFileReference; lastKnownFileType = sourcecode.swift; path = InfoViewController.swift; sourceTree = "<group>"; };
/* End PBXFileReference section */

/* Begin PBXFrameworksBuildPhase section */
		F7D64CC0265906770043BED2 /* Frameworks */ = {
			isa = PBXFrameworksBuildPhase;
			buildActionMask = 2147483647;
			files = (
				5B67B806DDECB6997257B62F /* Pods_Spacescape.framework in Frameworks */,
			);
			runOnlyForDeploymentPostprocessing = 0;
		};
/* End PBXFrameworksBuildPhase section */

/* Begin PBXGroup section */
		1338551A7F1923EAD40D2D3A /* Pods */ = {
			isa = PBXGroup;
			children = (
				B894CC2CCB4EC78DA5A473AE /* Pods-Spacescape.debug.xcconfig */,
				1549AFD85A78914E78445A8C /* Pods-Spacescape.release.xcconfig */,
			);
			path = Pods;
			sourceTree = "<group>";
		};
		D3B82D81ED64BECCD16E1F04 /* Frameworks */ = {
			isa = PBXGroup;
			children = (
				1ECF17F7E2C3488A2F6A892F /* Pods_Spacescape.framework */,
			);
			name = Frameworks;
			sourceTree = "<group>";
		};
		F7D64CBA265906770043BED2 = {
			isa = PBXGroup;
			children = (
				F7D64CC5265906770043BED2 /* Spacescape */,
				F7D64CC4265906770043BED2 /* Products */,
				1338551A7F1923EAD40D2D3A /* Pods */,
				D3B82D81ED64BECCD16E1F04 /* Frameworks */,
			);
			sourceTree = "<group>";
		};
		F7D64CC4265906770043BED2 /* Products */ = {
			isa = PBXGroup;
			children = (
				F7D64CC3265906770043BED2 /* Spacescape.app */,
			);
			name = Products;
			sourceTree = "<group>";
		};
		F7D64CC5265906770043BED2 /* Spacescape */ = {
			isa = PBXGroup;
			children = (
				F7D64CE0265908D80043BED2 /* Utilities */,
				F7ED2C002659CBE900590B72 /* Extensions */,
				F7D64CE22659099D0043BED2 /* Client */,
				F7D64CDC265908C50043BED2 /* Model */,
				F7D64CDE265908CC0043BED2 /* Controller */,
				F7D64CDD265908C80043BED2 /* View */,
				F7D64CDF265908D30043BED2 /* Support */,
				F7D64CD42659067A0043BED2 /* Info.plist */,
			);
			path = Spacescape;
			sourceTree = "<group>";
		};
		F7D64CDC265908C50043BED2 /* Model */ = {
			isa = PBXGroup;
			children = (
				F7D64CEA26590A580043BED2 /* SearchResult.swift */,
			);
			path = Model;
			sourceTree = "<group>";
		};
		F7D64CDD265908C80043BED2 /* View */ = {
			isa = PBXGroup;
			children = (
				F7D64CFA26590CC70043BED2 /* SearchResultImage.swift */,
				F7ED2BFA2659B85E00590B72 /* SearchResultTableViewCell.swift */,
			);
			path = View;
			sourceTree = "<group>";
		};
		F7D64CDE265908CC0043BED2 /* Controller */ = {
			isa = PBXGroup;
			children = (
				F7ED2BF72659B72800590B72 /* SearchResultsTableViewController.swift */,
				F7ED2C152659FD0100590B72 /* InfoViewController.swift */,
			);
			path = Controller;
			sourceTree = "<group>";
		};
		F7D64CDF265908D30043BED2 /* Support */ = {
			isa = PBXGroup;
			children = (
				F7D64CC6265906770043BED2 /* AppDelegate.swift */,
				F7D64CC8265906770043BED2 /* SceneDelegate.swift */,
				F7D64CCF2659067A0043BED2 /* Assets.xcassets */,
				F7D64CD12659067A0043BED2 /* LaunchScreen.storyboard */,
			);
			path = Support;
			sourceTree = "<group>";
		};
		F7D64CE0265908D80043BED2 /* Utilities */ = {
			isa = PBXGroup;
			children = (
				F7D64CFD26590CE70043BED2 /* Constants.swift */,
				F7D64CE726590A2A0043BED2 /* NASAClientError.swift */,
			);
			path = Utilities;
			sourceTree = "<group>";
		};
		F7D64CE22659099D0043BED2 /* Client */ = {
			isa = PBXGroup;
			children = (
				F7D64CE326590A0E0043BED2 /* NASAClient.swift */,
			);
			path = Client;
			sourceTree = "<group>";
		};
		F7ED2C002659CBE900590B72 /* Extensions */ = {
			isa = PBXGroup;
			children = (
				F7ED2C0E2659CDE300590B72 /* Date+Ext.swift */,
			);
			path = Extensions;
			sourceTree = "<group>";
		};
/* End PBXGroup section */

/* Begin PBXNativeTarget section */
		F7D64CC2265906770043BED2 /* Spacescape */ = {
			isa = PBXNativeTarget;
			buildConfigurationList = F7D64CD72659067A0043BED2 /* Build configuration list for PBXNativeTarget "Spacescape" */;
			buildPhases = (
				8B01D79E394D824BC212277E /* [CP] Check Pods Manifest.lock */,
				F7D64CBF265906770043BED2 /* Sources */,
				F7D64CC0265906770043BED2 /* Frameworks */,
				F7D64CC1265906770043BED2 /* Resources */,
				6A4DF4F36CABB3A2E10734DA /* [CP] Embed Pods Frameworks */,
			);
			buildRules = (
			);
			dependencies = (
			);
			name = Spacescape;
			productName = Spacescape;
			productReference = F7D64CC3265906770043BED2 /* Spacescape.app */;
			productType = "com.apple.product-type.application";
		};
/* End PBXNativeTarget section */

/* Begin PBXProject section */
		F7D64CBB265906770043BED2 /* Project object */ = {
			isa = PBXProject;
			attributes = {
				LastSwiftUpdateCheck = 1230;
				LastUpgradeCheck = 1230;
				TargetAttributes = {
					F7D64CC2265906770043BED2 = {
						CreatedOnToolsVersion = 12.3;
					};
				};
			};
			buildConfigurationList = F7D64CBE265906770043BED2 /* Build configuration list for PBXProject "Spacescape" */;
			compatibilityVersion = "Xcode 9.3";
			developmentRegion = en;
			hasScannedForEncodings = 0;
			knownRegions = (
				en,
				Base,
			);
			mainGroup = F7D64CBA265906770043BED2;
			productRefGroup = F7D64CC4265906770043BED2 /* Products */;
			projectDirPath = "";
			projectRoot = "";
			targets = (
				F7D64CC2265906770043BED2 /* Spacescape */,
			);
		};
/* End PBXProject section */

/* Begin PBXResourcesBuildPhase section */
		F7D64CC1265906770043BED2 /* Resources */ = {
			isa = PBXResourcesBuildPhase;
			buildActionMask = 2147483647;
			files = (
				F7D64CD32659067A0043BED2 /* LaunchScreen.storyboard in Resources */,
				F7D64CD02659067A0043BED2 /* Assets.xcassets in Resources */,
			);
			runOnlyForDeploymentPostprocessing = 0;
		};
/* End PBXResourcesBuildPhase section */

/* Begin PBXShellScriptBuildPhase section */
		6A4DF4F36CABB3A2E10734DA /* [CP] Embed Pods Frameworks */ = {
			isa = PBXShellScriptBuildPhase;
			buildActionMask = 2147483647;
			files = (
			);
			inputFileListPaths = (
				"${PODS_ROOT}/Target Support Files/Pods-Spacescape/Pods-Spacescape-frameworks-${CONFIGURATION}-input-files.xcfilelist",
			);
			name = "[CP] Embed Pods Frameworks";
			outputFileListPaths = (
				"${PODS_ROOT}/Target Support Files/Pods-Spacescape/Pods-Spacescape-frameworks-${CONFIGURATION}-output-files.xcfilelist",
			);
			runOnlyForDeploymentPostprocessing = 0;
			shellPath = /bin/sh;
			shellScript = "\"${PODS_ROOT}/Target Support Files/Pods-Spacescape/Pods-Spacescape-frameworks.sh\"\n";
			showEnvVarsInLog = 0;
		};
		8B01D79E394D824BC212277E /* [CP] Check Pods Manifest.lock */ = {
			isa = PBXShellScriptBuildPhase;
			buildActionMask = 2147483647;
			files = (
			);
			inputFileListPaths = (
			);
			inputPaths = (
				"${PODS_PODFILE_DIR_PATH}/Podfile.lock",
				"${PODS_ROOT}/Manifest.lock",
			);
			name = "[CP] Check Pods Manifest.lock";
			outputFileListPaths = (
			);
			outputPaths = (
				"$(DERIVED_FILE_DIR)/Pods-Spacescape-checkManifestLockResult.txt",
			);
			runOnlyForDeploymentPostprocessing = 0;
			shellPath = /bin/sh;
			shellScript = "diff \"${PODS_PODFILE_DIR_PATH}/Podfile.lock\" \"${PODS_ROOT}/Manifest.lock\" > /dev/null\nif [ $? != 0 ] ; then\n    # print error to STDERR\n    echo \"error: The sandbox is not in sync with the Podfile.lock. Run 'pod install' or update your CocoaPods installation.\" >&2\n    exit 1\nfi\n# This output is used by Xcode 'outputs' to avoid re-running this script phase.\necho \"SUCCESS\" > \"${SCRIPT_OUTPUT_FILE_0}\"\n";
			showEnvVarsInLog = 0;
		};
/* End PBXShellScriptBuildPhase section */

/* Begin PBXSourcesBuildPhase section */
		F7D64CBF265906770043BED2 /* Sources */ = {
			isa = PBXSourcesBuildPhase;
			buildActionMask = 2147483647;
			files = (
				F7ED2BF82659B72800590B72 /* SearchResultsTableViewController.swift in Sources */,
				F7ED2C162659FD0100590B72 /* InfoViewController.swift in Sources */,
				F7D64CE426590A0E0043BED2 /* NASAClient.swift in Sources */,
				F7D64CC7265906770043BED2 /* AppDelegate.swift in Sources */,
				F7D64CFB26590CC70043BED2 /* SearchResultImage.swift in Sources */,
				F7D64CC9265906770043BED2 /* SceneDelegate.swift in Sources */,
				F7D64CEB26590A580043BED2 /* SearchResult.swift in Sources */,
				F7D64CE826590A2A0043BED2 /* NASAClientError.swift in Sources */,
				F7D64CFE26590CE70043BED2 /* Constants.swift in Sources */,
				F7ED2BFB2659B85E00590B72 /* SearchResultTableViewCell.swift in Sources */,
				F7ED2C0F2659CDE300590B72 /* Date+Ext.swift in Sources */,
			);
			runOnlyForDeploymentPostprocessing = 0;
		};
/* End PBXSourcesBuildPhase section */

/* Begin PBXVariantGroup section */
		F7D64CD12659067A0043BED2 /* LaunchScreen.storyboard */ = {
			isa = PBXVariantGroup;
			children = (
				F7D64CD22659067A0043BED2 /* Base */,
			);
			name = LaunchScreen.storyboard;
			sourceTree = "<group>";
		};
/* End PBXVariantGroup section */

/* Begin XCBuildConfiguration section */
		F7D64CD52659067A0043BED2 /* Debug */ = {
			isa = XCBuildConfiguration;
			buildSettings = {
				ALWAYS_SEARCH_USER_PATHS = NO;
				CLANG_ANALYZER_NONNULL = YES;
				CLANG_ANALYZER_NUMBER_OBJECT_CONVERSION = YES_AGGRESSIVE;
				CLANG_CXX_LANGUAGE_STANDARD = "gnu++14";
				CLANG_CXX_LIBRARY = "libc++";
				CLANG_ENABLE_MODULES = YES;
				CLANG_ENABLE_OBJC_ARC = YES;
				CLANG_ENABLE_OBJC_WEAK = YES;
				CLANG_WARN_BLOCK_CAPTURE_AUTORELEASING = YES;
				CLANG_WARN_BOOL_CONVERSION = YES;
				CLANG_WARN_COMMA = YES;
				CLANG_WARN_CONSTANT_CONVERSION = YES;
				CLANG_WARN_DEPRECATED_OBJC_IMPLEMENTATIONS = YES;
				CLANG_WARN_DIRECT_OBJC_ISA_USAGE = YES_ERROR;
				CLANG_WARN_DOCUMENTATION_COMMENTS = YES;
				CLANG_WARN_EMPTY_BODY = YES;
				CLANG_WARN_ENUM_CONVERSION = YES;
				CLANG_WARN_INFINITE_RECURSION = YES;
				CLANG_WARN_INT_CONVERSION = YES;
				CLANG_WARN_NON_LITERAL_NULL_CONVERSION = YES;
				CLANG_WARN_OBJC_IMPLICIT_RETAIN_SELF = YES;
				CLANG_WARN_OBJC_LITERAL_CONVERSION = YES;
				CLANG_WARN_OBJC_ROOT_CLASS = YES_ERROR;
				CLANG_WARN_QUOTED_INCLUDE_IN_FRAMEWORK_HEADER = YES;
				CLANG_WARN_RANGE_LOOP_ANALYSIS = YES;
				CLANG_WARN_STRICT_PROTOTYPES = YES;
				CLANG_WARN_SUSPICIOUS_MOVE = YES;
				CLANG_WARN_UNGUARDED_AVAILABILITY = YES_AGGRESSIVE;
				CLANG_WARN_UNREACHABLE_CODE = YES;
				CLANG_WARN__DUPLICATE_METHOD_MATCH = YES;
				COPY_PHASE_STRIP = NO;
				DEBUG_INFORMATION_FORMAT = dwarf;
				ENABLE_STRICT_OBJC_MSGSEND = YES;
				ENABLE_TESTABILITY = YES;
				GCC_C_LANGUAGE_STANDARD = gnu11;
				GCC_DYNAMIC_NO_PIC = NO;
				GCC_NO_COMMON_BLOCKS = YES;
				GCC_OPTIMIZATION_LEVEL = 0;
				GCC_PREPROCESSOR_DEFINITIONS = (
					"DEBUG=1",
					"$(inherited)",
				);
				GCC_WARN_64_TO_32_BIT_CONVERSION = YES;
				GCC_WARN_ABOUT_RETURN_TYPE = YES_ERROR;
				GCC_WARN_UNDECLARED_SELECTOR = YES;
				GCC_WARN_UNINITIALIZED_AUTOS = YES_AGGRESSIVE;
				GCC_WARN_UNUSED_FUNCTION = YES;
				GCC_WARN_UNUSED_VARIABLE = YES;
				IPHONEOS_DEPLOYMENT_TARGET = 14.3;
				MTL_ENABLE_DEBUG_INFO = INCLUDE_SOURCE;
				MTL_FAST_MATH = YES;
				ONLY_ACTIVE_ARCH = YES;
				SDKROOT = iphoneos;
				SWIFT_ACTIVE_COMPILATION_CONDITIONS = DEBUG;
				SWIFT_OPTIMIZATION_LEVEL = "-Onone";
			};
			name = Debug;
		};
		F7D64CD62659067A0043BED2 /* Release */ = {
			isa = XCBuildConfiguration;
			buildSettings = {
				ALWAYS_SEARCH_USER_PATHS = NO;
				CLANG_ANALYZER_NONNULL = YES;
				CLANG_ANALYZER_NUMBER_OBJECT_CONVERSION = YES_AGGRESSIVE;
				CLANG_CXX_LANGUAGE_STANDARD = "gnu++14";
				CLANG_CXX_LIBRARY = "libc++";
				CLANG_ENABLE_MODULES = YES;
				CLANG_ENABLE_OBJC_ARC = YES;
				CLANG_ENABLE_OBJC_WEAK = YES;
				CLANG_WARN_BLOCK_CAPTURE_AUTORELEASING = YES;
				CLANG_WARN_BOOL_CONVERSION = YES;
				CLANG_WARN_COMMA = YES;
				CLANG_WARN_CONSTANT_CONVERSION = YES;
				CLANG_WARN_DEPRECATED_OBJC_IMPLEMENTATIONS = YES;
				CLANG_WARN_DIRECT_OBJC_ISA_USAGE = YES_ERROR;
				CLANG_WARN_DOCUMENTATION_COMMENTS = YES;
				CLANG_WARN_EMPTY_BODY = YES;
				CLANG_WARN_ENUM_CONVERSION = YES;
				CLANG_WARN_INFINITE_RECURSION = YES;
				CLANG_WARN_INT_CONVERSION = YES;
				CLANG_WARN_NON_LITERAL_NULL_CONVERSION = YES;
				CLANG_WARN_OBJC_IMPLICIT_RETAIN_SELF = YES;
				CLANG_WARN_OBJC_LITERAL_CONVERSION = YES;
				CLANG_WARN_OBJC_ROOT_CLASS = YES_ERROR;
				CLANG_WARN_QUOTED_INCLUDE_IN_FRAMEWORK_HEADER = YES;
				CLANG_WARN_RANGE_LOOP_ANALYSIS = YES;
				CLANG_WARN_STRICT_PROTOTYPES = YES;
				CLANG_WARN_SUSPICIOUS_MOVE = YES;
				CLANG_WARN_UNGUARDED_AVAILABILITY = YES_AGGRESSIVE;
				CLANG_WARN_UNREACHABLE_CODE = YES;
				CLANG_WARN__DUPLICATE_METHOD_MATCH = YES;
				COPY_PHASE_STRIP = NO;
				DEBUG_INFORMATION_FORMAT = "dwarf-with-dsym";
				ENABLE_NS_ASSERTIONS = NO;
				ENABLE_STRICT_OBJC_MSGSEND = YES;
				GCC_C_LANGUAGE_STANDARD = gnu11;
				GCC_NO_COMMON_BLOCKS = YES;
				GCC_WARN_64_TO_32_BIT_CONVERSION = YES;
				GCC_WARN_ABOUT_RETURN_TYPE = YES_ERROR;
				GCC_WARN_UNDECLARED_SELECTOR = YES;
				GCC_WARN_UNINITIALIZED_AUTOS = YES_AGGRESSIVE;
				GCC_WARN_UNUSED_FUNCTION = YES;
				GCC_WARN_UNUSED_VARIABLE = YES;
				IPHONEOS_DEPLOYMENT_TARGET = 14.3;
				MTL_ENABLE_DEBUG_INFO = NO;
				MTL_FAST_MATH = YES;
				SDKROOT = iphoneos;
				SWIFT_COMPILATION_MODE = wholemodule;
				SWIFT_OPTIMIZATION_LEVEL = "-O";
				VALIDATE_PRODUCT = YES;
			};
			name = Release;
		};
		F7D64CD82659067A0043BED2 /* Debug */ = {
			isa = XCBuildConfiguration;
			baseConfigurationReference = B894CC2CCB4EC78DA5A473AE /* Pods-Spacescape.debug.xcconfig */;
			buildSettings = {
				ASSETCATALOG_COMPILER_APPICON_NAME = AppIcon;
				ASSETCATALOG_COMPILER_GLOBAL_ACCENT_COLOR_NAME = AccentColor;
				CODE_SIGN_STYLE = Automatic;
				DEVELOPMENT_TEAM = SA29F4NK83;
				INFOPLIST_FILE = Spacescape/Info.plist;
				LD_RUNPATH_SEARCH_PATHS = (
					"$(inherited)",
					"@executable_path/Frameworks",
				);
				PRODUCT_BUNDLE_IDENTIFIER = com.jlee.Spacescape;
				PRODUCT_NAME = "$(TARGET_NAME)";
				SWIFT_VERSION = 5.0;
				TARGETED_DEVICE_FAMILY = "1,2";
			};
			name = Debug;
		};
		F7D64CD92659067A0043BED2 /* Release */ = {
			isa = XCBuildConfiguration;
			baseConfigurationReference = 1549AFD85A78914E78445A8C /* Pods-Spacescape.release.xcconfig */;
			buildSettings = {
				ASSETCATALOG_COMPILER_APPICON_NAME = AppIcon;
				ASSETCATALOG_COMPILER_GLOBAL_ACCENT_COLOR_NAME = AccentColor;
				CODE_SIGN_STYLE = Automatic;
				DEVELOPMENT_TEAM = SA29F4NK83;
				INFOPLIST_FILE = Spacescape/Info.plist;
				LD_RUNPATH_SEARCH_PATHS = (
					"$(inherited)",
					"@executable_path/Frameworks",
				);
				PRODUCT_BUNDLE_IDENTIFIER = com.jlee.Spacescape;
				PRODUCT_NAME = "$(TARGET_NAME)";
				SWIFT_VERSION = 5.0;
				TARGETED_DEVICE_FAMILY = "1,2";
			};
			name = Release;
		};
/* End XCBuildConfiguration section */

/* Begin XCConfigurationList section */
		F7D64CBE265906770043BED2 /* Build configuration list for PBXProject "Spacescape" */ = {
			isa = XCConfigurationList;
			buildConfigurations = (
				F7D64CD52659067A0043BED2 /* Debug */,
				F7D64CD62659067A0043BED2 /* Release */,
			);
			defaultConfigurationIsVisible = 0;
			defaultConfigurationName = Release;
		};
		F7D64CD72659067A0043BED2 /* Build configuration list for PBXNativeTarget "Spacescape" */ = {
			isa = XCConfigurationList;
			buildConfigurations = (
				F7D64CD82659067A0043BED2 /* Debug */,
				F7D64CD92659067A0043BED2 /* Release */,
			);
			defaultConfigurationIsVisible = 0;
			defaultConfigurationName = Release;
		};
/* End XCConfigurationList section */
	};
	rootObject = F7D64CBB265906770043BED2 /* Project object */;
}
